
Microsoft Visual Studio Solution File, Format Version 12.00
# Visual Studio 15
VisualStudioVersion = 15.0.28307.852
MinimumVisualStudioVersion = 10.0.40219.1
Project("{FAE04EC0-301F-11D3-BF4B-00C04F79EFBC}") = "RainShaderCompiler", "RainShaderCompiler\RainShaderCompiler.csproj", "{C64F8E8A-D6A4-4D9C-A2D5-BC2A80EA1485}"
EndProject
Global
	GlobalSection(SolutionConfigurationPlatforms) = preSolution
		Debug|Any CPU = Debug|Any CPU
		Release|Any CPU = Release|Any CPU
	EndGlobalSection
	GlobalSection(ProjectConfigurationPlatforms) = postSolution
		{C64F8E8A-D6A4-4D9C-A2D5-BC2A80EA1485}.Debug|Any CPU.ActiveCfg = Debug|Any CPU
		{C64F8E8A-D6A4-4D9C-A2D5-BC2A80EA1485}.Debug|Any CPU.Build.0 = Debug|Any CPU
		{C64F8E8A-D6A4-4D9C-A2D5-BC2A80EA1485}.Release|Any CPU.ActiveCfg = Release|Any CPU
		{C64F8E8A-D6A4-4D9C-A2D5-BC2A80EA1485}.Release|Any CPU.Build.0 = Release|Any CPU
	EndGlobalSection
	GlobalSection(SolutionProperties) = preSolution
		HideSolutionNode = FALSE
	EndGlobalSection
	GlobalSection(ExtensibilityGlobals) = postSolution
		SolutionGuid = {38B7AC3D-2884-44F6-AEDE-0399A82969CB}
	EndGlobalSection
EndGlobal
